
Microsoft Visual Studio Solution File, Format Version 12.00
# Visual Studio Version 17
VisualStudioVersion = 17.1.32407.343
MinimumVisualStudioVersion = 10.0.40219.1
Project("{2150E333-8FDC-42A3-9474-1A3956D46DE8}") = "Entity", "Entity", "{927B28E8-DC46-41C6-9363-F06576FEA36E}"
EndProject
Project("{2150E333-8FDC-42A3-9474-1A3956D46DE8}") = "BusinessComponent", "BusinessComponent", "{62DFAE98-9AFC-45A0-9FBF-66AE3081E6C6}"
EndProject
Project("{2150E333-8FDC-42A3-9474-1A3956D46DE8}") = "BusinessFacade", "BusinessFacade", "{791AAA8C-E1FD-4EBF-BFD8-44268966B7E4}"
EndProject
Project("{2150E333-8FDC-42A3-9474-1A3956D46DE8}") = "Interface", "Interface", "{9C71074D-B9C9-4D7A-B2DE-77DD2C59BF21}"
EndProject
Project("{2150E333-8FDC-42A3-9474-1A3956D46DE8}") = "DataAccess", "DataAccess", "{14B97FCE-D5F7-4C7A-B0F1-C2D219C9CB33}"
EndProject
Project("{2150E333-8FDC-42A3-9474-1A3956D46DE8}") = "Helper", "Helper", "{CCF619C5-13AB-43FA-90E3-54A0B062E2E3}"
EndProject
Project("{2150E333-8FDC-42A3-9474-1A3956D46DE8}") = "Test", "Test", "{F6176CA3-A582-4857-84E0-1EB98029EC36}"
EndProject
Project("{FAE04EC0-301F-11D3-BF4B-00C04F79EFBC}") = "GOGO.RMS.ESV.EF.Impl.Repository", "DataAccess\GOGO.RMS.ESV.DataAccess\GOGO.RMS.ESV.EF.Impl.Repository.csproj", "{576D183C-3713-4583-96C0-A92736B96885}"
EndProject
Project("{FAE04EC0-301F-11D3-BF4B-00C04F79EFBC}") = "GOGO.RMS.ESV.Core.Interface", "Interface\GOGO.RMS.ESV.ProductBFInterface\GOGO.RMS.ESV.Core.Interface.csproj", "{69ED1A1E-F2F0-43F6-8DF8-4B45ED854CE5}"
EndProject
Project("{FAE04EC0-301F-11D3-BF4B-00C04F79EFBC}") = "GOGO.RMS.ESV.Source.Test", "Test\GOGO.RMS.ESV.Source.Test\GOGO.RMS.ESV.Source.Test.csproj", "{3961A50D-AFC6-4627-92B6-A5D0F1FB399F}"
EndProject
Project("{FAE04EC0-301F-11D3-BF4B-00C04F79EFBC}") = "GOGO.RMS.ESV.Core.Entity", "Entity\GOGO.RMS.ESV.Core.Entity\GOGO.RMS.ESV.Core.Entity.csproj", "{387D150A-2588-453C-8796-C1F01F825383}"
EndProject
Project("{FAE04EC0-301F-11D3-BF4B-00C04F79EFBC}") = "GOGO.RMS.ESV.Impl.BF", "BusinessFacade\GOGO.RMS.ESV.Impl.BF\GOGO.RMS.ESV.Impl.BF.csproj", "{B8FDD194-1DA6-4B0F-BAE0-202740D6C180}"
EndProject
Global
	GlobalSection(SolutionConfigurationPlatforms) = preSolution
		Debug|Any CPU = Debug|Any CPU
		Release|Any CPU = Release|Any CPU
	EndGlobalSection
	GlobalSection(ProjectConfigurationPlatforms) = postSolution
		{576D183C-3713-4583-96C0-A92736B96885}.Debug|Any CPU.ActiveCfg = Debug|Any CPU
		{576D183C-3713-4583-96C0-A92736B96885}.Debug|Any CPU.Build.0 = Debug|Any CPU
		{576D183C-3713-4583-96C0-A92736B96885}.Release|Any CPU.ActiveCfg = Release|Any CPU
		{576D183C-3713-4583-96C0-A92736B96885}.Release|Any CPU.Build.0 = Release|Any CPU
		{69ED1A1E-F2F0-43F6-8DF8-4B45ED854CE5}.Debug|Any CPU.ActiveCfg = Debug|Any CPU
		{69ED1A1E-F2F0-43F6-8DF8-4B45ED854CE5}.Debug|Any CPU.Build.0 = Debug|Any CPU
		{69ED1A1E-F2F0-43F6-8DF8-4B45ED854CE5}.Release|Any CPU.ActiveCfg = Release|Any CPU
		{69ED1A1E-F2F0-43F6-8DF8-4B45ED854CE5}.Release|Any CPU.Build.0 = Release|Any CPU
		{3961A50D-AFC6-4627-92B6-A5D0F1FB399F}.Debug|Any CPU.ActiveCfg = Debug|Any CPU
		{3961A50D-AFC6-4627-92B6-A5D0F1FB399F}.Debug|Any CPU.Build.0 = Debug|Any CPU
		{3961A50D-AFC6-4627-92B6-A5D0F1FB399F}.Release|Any CPU.ActiveCfg = Release|Any CPU
		{3961A50D-AFC6-4627-92B6-A5D0F1FB399F}.Release|Any CPU.Build.0 = Release|Any CPU
		{387D150A-2588-453C-8796-C1F01F825383}.Debug|Any CPU.ActiveCfg = Debug|Any CPU
		{387D150A-2588-453C-8796-C1F01F825383}.Debug|Any CPU.Build.0 = Debug|Any CPU
		{387D150A-2588-453C-8796-C1F01F825383}.Release|Any CPU.ActiveCfg = Release|Any CPU
		{387D150A-2588-453C-8796-C1F01F825383}.Release|Any CPU.Build.0 = Release|Any CPU
		{B8FDD194-1DA6-4B0F-BAE0-202740D6C180}.Debug|Any CPU.ActiveCfg = Debug|Any CPU
		{B8FDD194-1DA6-4B0F-BAE0-202740D6C180}.Debug|Any CPU.Build.0 = Debug|Any CPU
		{B8FDD194-1DA6-4B0F-BAE0-202740D6C180}.Release|Any CPU.ActiveCfg = Release|Any CPU
		{B8FDD194-1DA6-4B0F-BAE0-202740D6C180}.Release|Any CPU.Build.0 = Release|Any CPU
	EndGlobalSection
	GlobalSection(SolutionProperties) = preSolution
		HideSolutionNode = FALSE
	EndGlobalSection
	GlobalSection(NestedProjects) = preSolution
		{576D183C-3713-4583-96C0-A92736B96885} = {14B97FCE-D5F7-4C7A-B0F1-C2D219C9CB33}
		{69ED1A1E-F2F0-43F6-8DF8-4B45ED854CE5} = {9C71074D-B9C9-4D7A-B2DE-77DD2C59BF21}
		{3961A50D-AFC6-4627-92B6-A5D0F1FB399F} = {F6176CA3-A582-4857-84E0-1EB98029EC36}
		{387D150A-2588-453C-8796-C1F01F825383} = {927B28E8-DC46-41C6-9363-F06576FEA36E}
		{B8FDD194-1DA6-4B0F-BAE0-202740D6C180} = {791AAA8C-E1FD-4EBF-BFD8-44268966B7E4}
	EndGlobalSection
	GlobalSection(ExtensibilityGlobals) = postSolution
		SolutionGuid = {6E231F9B-BFFF-454F-9632-C68271E02395}
	EndGlobalSection
EndGlobal
